# This file is generated by gogradle automatically, you should NEVER modify it manually.
---
apiVersion: "0.8.1"
dependencies:
  build:
  - urls:
    - "https://github.com/cloudfoundry/jibber_jabber.git"
    - "git@github.com:cloudfoundry/jibber_jabber.git"
    vcs: "git"
    name: "github.com/cloudfoundry/jibber_jabber"
    commit: "bcc4c8345a21301bf47c032ff42dd1aae2fe3027"
    transitive: false
  - urls:
    - "https://github.com/fatih/color.git"
    - "git@github.com:fatih/color.git"
    vcs: "git"
    name: "github.com/fatih/color"
    commit: "87d4004f2ab62d0d255e0a38f1680aa534549fe3"
    transitive: false
  - urls:
    - "https://github.com/ghodss/yaml.git"
    - "git@github.com:ghodss/yaml.git"
    vcs: "git"
    name: "github.com/ghodss/yaml"
    commit: "0ca9ea5df5451ffdf184b4428c902747c2c11cd7"
    transitive: false
  - urls:
    - "https://github.com/google/go-querystring.git"
    - "git@github.com:google/go-querystring.git"
    vcs: "git"
    name: "github.com/google/go-querystring"
    commit: "9235644dd9e52eeae6fa48efd539fdc351a0af53"
    transitive: false
  - urls:
    - "https://github.com/hokaccha/go-prettyjson.git"
    - "git@github.com:hokaccha/go-prettyjson.git"
    vcs: "git"
    name: "github.com/hokaccha/go-prettyjson"
    commit: "f75235bd99dad4e98ff360db8372d5c0ef1d054a"
    transitive: false
  - urls:
    - "https://github.com/inconshreveable/mousetrap.git"
    - "git@github.com:inconshreveable/mousetrap.git"
    vcs: "git"
    name: "github.com/inconshreveable/mousetrap"
    commit: "76626ae9c91c4f2a10f34cad8ce83ea42c93bb75"
    transitive: false
  - urls:
    - "https://github.com/mattn/go-colorable.git"
    - "git@github.com:mattn/go-colorable.git"
    vcs: "git"
    name: "github.com/mattn/go-colorable"
    commit: "d228849504861217f796da67fae4f6e347643f15"
    transitive: false
  - urls:
    - "https://github.com/mattn/go-isatty.git"
    - "git@github.com:mattn/go-isatty.git"
    vcs: "git"
    name: "github.com/mattn/go-isatty"
    commit: "66b8e73f3f5cda9f96b69efd03dd3d7fc4a5cdb8"
    transitive: false
  - urls:
    - "https://github.com/mitchellh/go-homedir.git"
    - "git@github.com:mitchellh/go-homedir.git"
    vcs: "git"
    name: "github.com/mitchellh/go-homedir"
    commit: "1111e456ffea841564ac0fa5f69c26ef44dafec9"
    transitive: false
  - urls:
    - "https://github.com/nicksnyder/go-i18n.git"
    - "git@github.com:nicksnyder/go-i18n.git"
    vcs: "git"
    name: "github.com/nicksnyder/go-i18n"
    commit: "37e5c2de3e03e4b82693e3fcb4a6aa2cc4eb07e3"
    transitive: false
  - urls:
    - "https://github.com/spf13/cobra.git"
    - "git@github.com:spf13/cobra.git"
    vcs: "git"
    name: "github.com/spf13/cobra"
    commit: "1238ba19d24b0b9ceee2094e1cb31947d45c3e86"
    transitive: false
  - urls:
    - "https://github.com/spf13/pflag.git"
    - "git@github.com:spf13/pflag.git"
    vcs: "git"
    name: "github.com/spf13/pflag"
    commit: "367864438f1b1a3c7db4da06a2f55b144e6784e0"
    transitive: false
  - vcs: "git"
    name: "golang.org/x/sys"
    commit: "7f918dd405547ecb864d14a8ecbbfe205b5f930f"
    url: "https://go.googlesource.com/sys"
    transitive: false
  - vcs: "git"
    name: "gopkg.in/yaml.v2"
    commit: "cd8b52f8269e0feb286dfeef29f8fe4d5b397e0b"
    url: "https://gopkg.in/yaml.v2"
    transitive: false
  test:
  - urls:
    - "https://github.com/armon/consul-api.git"
    - "git@github.com:armon/consul-api.git"
    vcs: "git"
    name: "github.com/armon/consul-api"
    commit: "dcfedd50ed5334f96adee43fc88518a4f095e15c"
    transitive: false
  - urls:
    - "https://github.com/beorn7/perks.git"
    - "git@github.com:beorn7/perks.git"
    vcs: "git"
    name: "github.com/beorn7/perks"
    commit: "4c0e84591b9aa9e6dcfdf3e020114cd81f89d5f9"
    subpackages:
    - "."
    - "quantile"
    transitive: false
  - urls:
    - "https://github.com/bgentry/speakeasy.git"
    - "git@github.com:bgentry/speakeasy.git"
    vcs: "git"
    name: "github.com/bgentry/speakeasy"
    commit: "4aabc24848ce5fd31929f7d1e4ea74d3709c14cd"
    transitive: false
  - urls:
    - "https://github.com/coreos/bbolt.git"
    - "git@github.com:coreos/bbolt.git"
    vcs: "git"
    name: "github.com/coreos/bbolt"
    commit: "48ea1b39c25fc1bab3506fbc712ecbaa842c4d2d"
    transitive: false
  - urls:
    - "https://github.com/coreos/etcd.git"
    - "git@github.com:coreos/etcd.git"
    vcs: "git"
    name: "github.com/coreos/etcd"
    commit: "0b9dc9ccd355a9978a9ec1f91f64928da75de4b3"
    transitive: false
  - urls:
    - "https://github.com/coreos/go-semver.git"
    - "git@github.com:coreos/go-semver.git"
    vcs: "git"
    name: "github.com/coreos/go-semver"
    commit: "8ab6407b697782a06568d4b7f1db25550ec2e4c6"
    subpackages:
    - "."
    - "semver"
    transitive: false
  - urls:
    - "https://github.com/coreos/go-systemd.git"
    - "git@github.com:coreos/go-systemd.git"
    vcs: "git"
    name: "github.com/coreos/go-systemd"
    commit: "d2196463941895ee908e13531a23a39feb9e1243"
    subpackages:
    - "journal"
    - "util"
    - "."
    - "daemon"
    transitive: false
  - urls:
    - "https://github.com/coreos/pkg.git"
    - "git@github.com:coreos/pkg.git"
    vcs: "git"
    name: "github.com/coreos/pkg"
    commit: "3ac0863d7acf3bc44daf49afef8919af12f704ef"
    subpackages:
    - "dlopen"
    - "."
    - "capnslog"
    transitive: false
  - urls:
    - "https://github.com/cpuguy83/go-md2man.git"
    - "git@github.com:cpuguy83/go-md2man.git"
    vcs: "git"
    name: "github.com/cpuguy83/go-md2man"
    commit: "20f5889cbdc3c73dbd2862796665e7c465ade7d1"
    transitive: false
  - name: "github.com/davecgh/go-spew"
    host:
      name: "github.com/stretchr/testify"
      commit: "87b1dfb5b2fa649f52695dd9eae19abe404a4308"
      urls:
      - "https://github.com/stretchr/testify.git"
      - "git@github.com:stretchr/testify.git"
      vcs: "git"
    vendorPath: "vendor/github.com/davecgh/go-spew"
    transitive: false
  - urls:
    - "https://github.com/dgrijalva/jwt-go.git"
    - "git@github.com:dgrijalva/jwt-go.git"
    vcs: "git"
    name: "github.com/dgrijalva/jwt-go"
    commit: "d2709f9f1f31ebcda9651b03077758c1f3a0018c"
    transitive: false
  - urls:
    - "https://github.com/dustin/go-humanize.git"
    - "git@github.com:dustin/go-humanize.git"
    vcs: "git"
    name: "github.com/dustin/go-humanize"
    commit: "bb3d318650d48840a39aa21a027c6630e198e626"
    transitive: false
  - urls:
    - "https://github.com/fsnotify/fsnotify.git"
    - "git@github.com:fsnotify/fsnotify.git"
    vcs: "git"
    name: "github.com/fsnotify/fsnotify"
    commit: "c2828203cd70a50dcccfb2761f8b1f8ceef9a8e9"
    transitive: false
  - urls:
    - "https://github.com/gogo/protobuf.git"
    - "git@github.com:gogo/protobuf.git"
    vcs: "git"
    name: "github.com/gogo/protobuf"
    commit: "342cbe0a04158f6dcb03ca0079991a51a4248c02"
    subpackages:
    - "."
    - "gogoproto"
    - "protoc-gen-gogo/descriptor"
    - "proto"
    transitive: false
  - urls:
    - "https://github.com/golang/groupcache.git"
    - "git@github.com:golang/groupcache.git"
    vcs: "git"
    name: "github.com/golang/groupcache"
    commit: "02826c3e79038b59d737d3b1c0a1d937f71a4433"
    subpackages:
    - "."
    - "lru"
    transitive: false
  - urls:
    - "https://github.com/golang/lint.git"
    - "git@github.com:golang/lint.git"
    vcs: "git"
    name: "github.com/golang/lint"
    commit: "e14d9b0f1d332b1420c1ffa32562ad2dc84d645d"
    transitive: false
  - urls:
    - "https://github.com/golang/protobuf.git"
    - "git@github.com:golang/protobuf.git"
    vcs: "git"
    name: "github.com/golang/protobuf"
    commit: "1e59b77b52bf8e4b449a57e6f79f21226d571845"
    subpackages:
    - "jsonpb"
    - "ptypes"
    - "ptypes/any"
    - "ptypes/struct"
    - "proto"
    - "ptypes/duration"
    - "ptypes/timestamp"
    - "."
    transitive: false
  - urls:
    - "https://github.com/google/btree.git"
    - "git@github.com:google/btree.git"
    vcs: "git"
    name: "github.com/google/btree"
    commit: "925471ac9e2131377a91e1595defec898166fe49"
    transitive: false
  - urls:
    - "https://github.com/gorilla/websocket.git"
    - "git@github.com:gorilla/websocket.git"
    vcs: "git"
    name: "github.com/gorilla/websocket"
    commit: "4201258b820c74ac8e6922fc9e6b52f71fe46f8d"
    transitive: false
  - urls:
    - "https://github.com/grpc-ecosystem/go-grpc-prometheus.git"
    - "git@github.com:grpc-ecosystem/go-grpc-prometheus.git"
    vcs: "git"
    name: "github.com/grpc-ecosystem/go-grpc-prometheus"
    commit: "0dafe0d496ea71181bf2dd039e7e3f44b6bd11a7"
    transitive: false
  - urls:
    - "https://github.com/grpc-ecosystem/grpc-gateway.git"
    - "git@github.com:grpc-ecosystem/grpc-gateway.git"
    vcs: "git"
    name: "github.com/grpc-ecosystem/grpc-gateway"
    commit: "07f5e79768022f9a3265235f0db4ac8c3f675fec"
    subpackages:
    - "runtime"
    - "runtime/internal"
    - "utilities"
    - "."
    transitive: false
  - urls:
    - "https://github.com/hashicorp/hcl.git"
    - "git@github.com:hashicorp/hcl.git"
    vcs: "git"
    name: "github.com/hashicorp/hcl"
    commit: "23c074d0eceb2b8a5bfdbb271ab780cde70f05a8"
    transitive: false
  - urls:
    - "https://github.com/jonboulle/clockwork.git"
    - "git@github.com:jonboulle/clockwork.git"
    vcs: "git"
    name: "github.com/jonboulle/clockwork"
    commit: "2eee05ed794112d45db504eb05aa693efd2b8b09"
    transitive: false
  - urls:
    - "https://github.com/kr/fs.git"
    - "git@github.com:kr/fs.git"
    vcs: "git"
    name: "github.com/kr/fs"
    commit: "2788f0dbd16903de03cb8186e5c7d97b69ad387b"
    transitive: false
  - urls:
    - "https://github.com/kr/pty.git"
    - "git@github.com:kr/pty.git"
    vcs: "git"
    name: "github.com/kr/pty"
    commit: "2c10821df3c3cf905230d078702dfbe9404c9b23"
    transitive: false
  - urls:
    - "https://github.com/magiconair/properties.git"
    - "git@github.com:magiconair/properties.git"
    vcs: "git"
    name: "github.com/magiconair/properties"
    commit: "49d762b9817ba1c2e9d0c69183c2b4a8b8f1d934"
    transitive: false
  - urls:
    - "https://github.com/mattn/go-runewidth.git"
    - "git@github.com:mattn/go-runewidth.git"
    vcs: "git"
    name: "github.com/mattn/go-runewidth"
    commit: "9e777a8366cce605130a531d2cd6363d07ad7317"
    subpackages:
    - "."
    - "runewidth.go"
    transitive: false
  - urls:
    - "https://github.com/matttproud/golang_protobuf_extensions.git"
    - "git@github.com:matttproud/golang_protobuf_extensions.git"
    vcs: "git"
    name: "github.com/matttproud/golang_protobuf_extensions"
    commit: "c12348ce28de40eed0136aa2b644d0ee0650e56c"
    subpackages:
    - "."
    - "pbutil"
    transitive: false
  - urls:
    - "https://github.com/mitchellh/mapstructure.git"
    - "git@github.com:mitchellh/mapstructure.git"
    vcs: "git"
    name: "github.com/mitchellh/mapstructure"
    commit: "b4575eea38cca1123ec2dc90c26529b5c5acfcff"
    transitive: false
  - urls:
    - "https://github.com/olekukonko/tablewriter.git"
    - "git@github.com:olekukonko/tablewriter.git"
    vcs: "git"
    name: "github.com/olekukonko/tablewriter"
    commit: "a0225b3f23b5ce0cbec6d7a66a968f8a59eca9c4"
    transitive: false
  - urls:
    - "https://github.com/pelletier/go-toml.git"
    - "git@github.com:pelletier/go-toml.git"
    vcs: "git"
    name: "github.com/pelletier/go-toml"
    commit: "acdc4509485b587f5e675510c4f2c63e90ff68a8"
    transitive: false
  - urls:
    - "https://github.com/pkg/errors.git"
    - "git@github.com:pkg/errors.git"
    vcs: "git"
    name: "github.com/pkg/errors"
    commit: "e881fd58d78e04cf6d0de1217f8707c8cc2249bc"
    transitive: false
  - urls:
    - "https://github.com/pkg/sftp.git"
    - "git@github.com:pkg/sftp.git"
    vcs: "git"
    name: "github.com/pkg/sftp"
    commit: "f128182572e94e33e79e4f91e01177409e5353d8"
    transitive: false
  - name: "github.com/pmezard/go-difflib"
    host:
      name: "github.com/stretchr/testify"
      commit: "87b1dfb5b2fa649f52695dd9eae19abe404a4308"
      urls:
      - "https://github.com/stretchr/testify.git"
      - "git@github.com:stretchr/testify.git"
      vcs: "git"
    vendorPath: "vendor/github.com/pmezard/go-difflib"
    transitive: false
  - urls:
    - "https://github.com/prometheus/client_golang.git"
    - "git@github.com:prometheus/client_golang.git"
    vcs: "git"
    name: "github.com/prometheus/client_golang"
    commit: "5cec1d0429b02e4323e042eb04dafdb079ddf568"
    subpackages:
    - "."
    - "prometheus"
    - "prometheus/promhttp"
    transitive: false
  - urls:
    - "https://github.com/prometheus/client_model.git"
    - "git@github.com:prometheus/client_model.git"
    vcs: "git"
    name: "github.com/prometheus/client_model"
    commit: "6f3806018612930941127f2a7c6c453ba2c527d2"
    subpackages:
    - "go"
    - "."
    transitive: false
  - urls:
    - "https://github.com/prometheus/common.git"
    - "git@github.com:prometheus/common.git"
    vcs: "git"
    name: "github.com/prometheus/common"
    commit: "e3fb1a1acd7605367a2b378bc2e2f893c05174b7"
    subpackages:
    - "expfmt"
    - "model"
    - "."
    - "internal/bitbucket.org/ww/goautoneg"
    transitive: false
  - urls:
    - "https://github.com/prometheus/procfs.git"
    - "git@github.com:prometheus/procfs.git"
    vcs: "git"
    name: "github.com/prometheus/procfs"
    commit: "a6e9df898b1336106c743392c48ee0b71f5c4efa"
    subpackages:
    - "xfs"
    - "."
    transitive: false
  - name: "github.com/russross/blackfriday"
    host:
      name: "github.com/cpuguy83/go-md2man"
      commit: "20f5889cbdc3c73dbd2862796665e7c465ade7d1"
      urls:
      - "https://github.com/cpuguy83/go-md2man.git"
      - "git@github.com:cpuguy83/go-md2man.git"
      vcs: "git"
    vendorPath: "vendor/github.com/russross/blackfriday"
    transitive: false
  - urls:
    - "https://github.com/sirupsen/logrus.git"
    - "git@github.com:sirupsen/logrus.git"
    vcs: "git"
    name: "github.com/sirupsen/logrus"
    commit: "f006c2ac4710855cf0f916dd6b77acf6b048dc6e"
    transitive: false
  - urls:
    - "https://github.com/soheilhy/cmux.git"
    - "git@github.com:soheilhy/cmux.git"
    vcs: "git"
    name: "github.com/soheilhy/cmux"
    commit: "bb79a83465015a27a175925ebd155e660f55e9f1"
    transitive: false
  - urls:
    - "https://github.com/spf13/afero.git"
    - "git@github.com:spf13/afero.git"
    vcs: "git"
    name: "github.com/spf13/afero"
    commit: "bb8f1927f2a9d3ab41c9340aa034f6b803f4359c"
    transitive: false
  - urls:
    - "https://github.com/spf13/cast.git"
    - "git@github.com:spf13/cast.git"
    vcs: "git"
    name: "github.com/spf13/cast"
    commit: "acbeb36b902d72a7a4c18e8f3241075e7ab763e4"
    transitive: false
  - urls:
    - "https://github.com/spf13/jwalterweatherman.git"
    - "git@github.com:spf13/jwalterweatherman.git"
    vcs: "git"
    name: "github.com/spf13/jwalterweatherman"
    commit: "7c0cea34c8ece3fbeb2b27ab9b59511d360fb394"
    transitive: false
  - urls:
    - "https://github.com/spf13/viper.git"
    - "git@github.com:spf13/viper.git"
    vcs: "git"
    name: "github.com/spf13/viper"
    commit: "aafc9e6bc7b7bb53ddaa75a5ef49a17d6e654be5"
    transitive: false
  - name: "github.com/stretchr/objx"
    host:
      name: "github.com/stretchr/testify"
      commit: "87b1dfb5b2fa649f52695dd9eae19abe404a4308"
      urls:
      - "https://github.com/stretchr/testify.git"
      - "git@github.com:stretchr/testify.git"
      vcs: "git"
    vendorPath: "vendor/github.com/stretchr/objx"
    transitive: false
  - urls:
    - "https://github.com/stretchr/testify.git"
    - "git@github.com:stretchr/testify.git"
    vcs: "git"
    name: "github.com/stretchr/testify"
    commit: "87b1dfb5b2fa649f52695dd9eae19abe404a4308"
    transitive: false
  - urls:
    - "https://github.com/tmc/grpc-websocket-proxy.git"
    - "git@github.com:tmc/grpc-websocket-proxy.git"
    vcs: "git"
    name: "github.com/tmc/grpc-websocket-proxy"
    commit: "89b8d40f7ca833297db804fcb3be53a76d01c238"
    subpackages:
    - "wsproxy"
    - "."
    transitive: false
  - urls:
    - "https://github.com/ugorji/go.git"
    - "git@github.com:ugorji/go.git"
    vcs: "git"
    name: "github.com/ugorji/go"
    commit: "bdcc60b419d136a85cdf2e7cbcac34b3f1cd6e57"
    subpackages:
    - "codec"
    - "."
    transitive: false
  - urls:
    - "https://github.com/urfave/cli.git"
    - "git@github.com:urfave/cli.git"
    vcs: "git"
    name: "github.com/urfave/cli"
    commit: "1efa31f08b9333f1bd4882d61f9d668a70cd902e"
    transitive: false
  - urls:
    - "https://github.com/xiang90/probing.git"
    - "git@github.com:xiang90/probing.git"
    vcs: "git"
    name: "github.com/xiang90/probing"
    commit: "07dd2e8dfe18522e9c447ba95f2fe95262f63bb2"
    transitive: false
  - urls:
    - "https://github.com/xordataexchange/crypt.git"
    - "git@github.com:xordataexchange/crypt.git"
    vcs: "git"
    name: "github.com/xordataexchange/crypt"
    commit: "b2862e3d0a775f18c7cfe02273500ae307b61218"
    transitive: false
  - vcs: "git"
    name: "golang.org/x/crypto"
    commit: "a6600008915114d9c087fad9f03d75087b1a74df"
    url: "https://go.googlesource.com/crypto"
    transitive: false
  - vcs: "git"
    name: "golang.org/x/net"
    commit: "5ccada7d0a7ba9aeb5d3aca8d3501b4c2a509fec"
    url: "https://go.googlesource.com/net"
    transitive: false
  - vcs: "git"
    name: "golang.org/x/text"
    commit: "e19ae1496984b1c655b8044a65c0300a3c878dd3"
    url: "https://go.googlesource.com/text"
    transitive: false
  - vcs: "git"
    name: "golang.org/x/time"
    commit: "c06e80d9300e4443158a03817b8a8cb37d230320"
    subpackages:
    - "rate"
    - "."
    url: "https://go.googlesource.com/time"
    transitive: false
  - vcs: "git"
    name: "golang.org/x/tools"
    commit: "99037e3760ed7d9c772c980caee42b17779b80ce"
    url: "https://go.googlesource.com/tools"
    transitive: false
  - vcs: "git"
    name: "google.golang.org/genproto"
    commit: "09f6ed296fc66555a25fe4ce95173148778dfa85"
    subpackages:
    - "."
    - "googleapis/rpc/status"
    url: "https://github.com/google/go-genproto"
    transitive: false
  - vcs: "git"
    name: "google.golang.org/grpc"
    commit: "5b3c4e850e90a4cf6a20ebd46c8b32a0a3afcb9e"
    subpackages:
    - "codes"
    - "resolver"
    - "internal"
    - "metadata"
    - "tap"
    - "credentials"
    - "grpclog"
    - "keepalive"
    - "health"
    - "health/grpc_health_v1"
    - "transport"
    - "."
    - "grpclb/grpc_lb_v1/messages"
    - "balancer"
    - "connectivity"
    - "stats"
    - "peer"
    - "naming"
    - "status"
    url: "https://github.com/grpc/grpc-go"
    transitive: false
  - vcs: "git"
    name: "gopkg.in/cheggaaa/pb.v1"
    commit: "226d21d43a305fac52b3a104ef83e721b15275e0"
    url: "https://gopkg.in/cheggaaa/pb.v1"
    transitive: false
